
Microsoft Visual Studio Solution File, Format Version 12.00
# Visual Studio Version 17
VisualStudioVersion = 17.5.33502.453
MinimumVisualStudioVersion = 10.0.40219.1
Project("{FAE04EC0-301F-11D3-BF4B-00C04F79EFBC}") = "Verif_Optional", "Verif_Optional\Verif_Optional.csproj", "{741AB893-2656-4556-90AB-EE2BF81446F4}"
EndProject
Global
	GlobalSection(SolutionConfigurationPlatforms) = preSolution
		Debug|Any CPU = Debug|Any CPU
		Release|Any CPU = Release|Any CPU
	EndGlobalSection
	GlobalSection(ProjectConfigurationPlatforms) = postSolution
		{741AB893-2656-4556-90AB-EE2BF81446F4}.Debug|Any CPU.ActiveCfg = Debug|Any CPU
		{741AB893-2656-4556-90AB-EE2BF81446F4}.Debug|Any CPU.Build.0 = Debug|Any CPU
		{741AB893-2656-4556-90AB-EE2BF81446F4}.Release|Any CPU.ActiveCfg = Release|Any CPU
		{741AB893-2656-4556-90AB-EE2BF81446F4}.Release|Any CPU.Build.0 = Release|Any CPU
	EndGlobalSection
	GlobalSection(SolutionProperties) = preSolution
		HideSolutionNode = FALSE
	EndGlobalSection
	GlobalSection(ExtensibilityGlobals) = postSolution
		SolutionGuid = {2E581DB8-3822-4DF7-96C8-F123FB75D259}
	EndGlobalSection
EndGlobal
